{
  "name": "web-packages",
  "version": "0.0.0",
  "lockfileVersion": 1,
  "requires": true,
  "dependencies": {
    "gatsby-plugin-module-resolver": {
      "version": "1.0.3",
      "resolved": "https://registry.npmjs.org/gatsby-plugin-module-resolver/-/gatsby-plugin-module-resolver-1.0.3.tgz",
      "integrity": "sha512-MrE2JhDEiiZB6uLVJ0zpoZmHi36zkgGoNgBr9YQ4r6TUqayiNXU97NBhO87CRJQz8I4MaL6ZrOWjUdoHEXvndg=="
    }
  }
}
